// !$*UTF8*$!
{
	archiveVersion = 1;
	classes = {
	};
	objectVersion = 45;
	objects = {

/* Begin PBXBuildFile section */
		790D1E101158052200EE3DB2 /* IGGoogleAPIMaps.h in Headers */ = {isa = PBXBuildFile; fileRef = 790D1DEB1158052200EE3DB2 /* IGGoogleAPIMaps.h */; settings = {ATTRIBUTES = (Public, ); }; };
		790D1E111158052200EE3DB2 /* IGGoogleAPIMaps.m in Sources */ = {isa = PBXBuildFile; fileRef = 790D1DEC1158052200EE3DB2 /* IGGoogleAPIMaps.m */; };
		790D1E121158052200EE3DB2 /* IGLocalization.h in Headers */ = {isa = PBXBuildFile; fileRef = 790D1DF01158052200EE3DB2 /* IGLocalization.h */; settings = {ATTRIBUTES = (Public, ); }; };
		790D1E131158052200EE3DB2 /* IGLocalization.m in Sources */ = {isa = PBXBuildFile; fileRef = 790D1DF11158052200EE3DB2 /* IGLocalization.m */; };
		790D1E141158052200EE3DB2 /* IGJson.h in Headers */ = {isa = PBXBuildFile; fileRef = 790D1DF91158052200EE3DB2 /* IGJson.h */; settings = {ATTRIBUTES = (Public, ); }; };
		790D1E151158052200EE3DB2 /* IGJson.m in Sources */ = {isa = PBXBuildFile; fileRef = 790D1DFA1158052200EE3DB2 /* IGJson.m */; };
		790D1E161158052200EE3DB2 /* IGJsonBase.h in Headers */ = {isa = PBXBuildFile; fileRef = 790D1DFB1158052200EE3DB2 /* IGJsonBase.h */; settings = {ATTRIBUTES = (Public, ); }; };
		790D1E171158052200EE3DB2 /* IGJsonBase.m in Sources */ = {isa = PBXBuildFile; fileRef = 790D1DFC1158052200EE3DB2 /* IGJsonBase.m */; };
		790D1E181158052200EE3DB2 /* IGJsonParser.h in Headers */ = {isa = PBXBuildFile; fileRef = 790D1DFD1158052200EE3DB2 /* IGJsonParser.h */; settings = {ATTRIBUTES = (Public, ); }; };
		790D1E191158052200EE3DB2 /* IGJsonParser.m in Sources */ = {isa = PBXBuildFile; fileRef = 790D1DFE1158052200EE3DB2 /* IGJsonParser.m */; };
		790D1E1A1158052200EE3DB2 /* IGJsonWriter.h in Headers */ = {isa = PBXBuildFile; fileRef = 790D1DFF1158052200EE3DB2 /* IGJsonWriter.h */; settings = {ATTRIBUTES = (Public, ); }; };
		790D1E1B1158052200EE3DB2 /* IGJsonWriter.m in Sources */ = {isa = PBXBuildFile; fileRef = 790D1E001158052200EE3DB2 /* IGJsonWriter.m */; };
		790D1E1C1158052200EE3DB2 /* IGJsonData.h in Headers */ = {isa = PBXBuildFile; fileRef = 790D1E011158052200EE3DB2 /* IGJsonData.h */; settings = {ATTRIBUTES = (Public, ); }; };
		790D1E1D1158052200EE3DB2 /* IGJsonData.m in Sources */ = {isa = PBXBuildFile; fileRef = 790D1E021158052200EE3DB2 /* IGJsonData.m */; };
		790D1E1E1158052200EE3DB2 /* IGLocation.h in Headers */ = {isa = PBXBuildFile; fileRef = 790D1E041158052200EE3DB2 /* IGLocation.h */; settings = {ATTRIBUTES = (Public, ); }; };
		790D1E1F1158052200EE3DB2 /* IGLocation.m in Sources */ = {isa = PBXBuildFile; fileRef = 790D1E051158052200EE3DB2 /* IGLocation.m */; };
		790D1E201158052200EE3DB2 /* IGFilesystemPaths.h in Headers */ = {isa = PBXBuildFile; fileRef = 790D1E071158052200EE3DB2 /* IGFilesystemPaths.h */; settings = {ATTRIBUTES = (Public, ); }; };
		790D1E211158052200EE3DB2 /* IGFilesystemPaths.m in Sources */ = {isa = PBXBuildFile; fileRef = 790D1E081158052200EE3DB2 /* IGFilesystemPaths.m */; };
		790D1E221158052200EE3DB2 /* IGFilesystemIO.h in Headers */ = {isa = PBXBuildFile; fileRef = 790D1E091158052200EE3DB2 /* IGFilesystemIO.h */; settings = {ATTRIBUTES = (Public, ); }; };
		790D1E231158052200EE3DB2 /* IGFilesystemIO.m in Sources */ = {isa = PBXBuildFile; fileRef = 790D1E0A1158052200EE3DB2 /* IGFilesystemIO.m */; };
		790D1E241158052200EE3DB2 /* IGNetworkingConnection.h in Headers */ = {isa = PBXBuildFile; fileRef = 790D1E0C1158052200EE3DB2 /* IGNetworkingConnection.h */; settings = {ATTRIBUTES = (Public, ); }; };
		790D1E251158052200EE3DB2 /* IGNetworkingConnection.m in Sources */ = {isa = PBXBuildFile; fileRef = 790D1E0D1158052200EE3DB2 /* IGNetworkingConnection.m */; };
		790D1E261158052200EE3DB2 /* IGNetworkingReachability.h in Headers */ = {isa = PBXBuildFile; fileRef = 790D1E0E1158052200EE3DB2 /* IGNetworkingReachability.h */; settings = {ATTRIBUTES = (Public, ); }; };
		790D1E271158052200EE3DB2 /* IGNetworkingReachability.m in Sources */ = {isa = PBXBuildFile; fileRef = 790D1E0F1158052200EE3DB2 /* IGNetworkingReachability.m */; };
		790D1E361158052A00EE3DB2 /* NSObject+IGJson.h in Headers */ = {isa = PBXBuildFile; fileRef = 790D1E2A1158052A00EE3DB2 /* NSObject+IGJson.h */; settings = {ATTRIBUTES = (Public, ); }; };
		790D1E371158052A00EE3DB2 /* NSObject+IGJson.m in Sources */ = {isa = PBXBuildFile; fileRef = 790D1E2B1158052A00EE3DB2 /* NSObject+IGJson.m */; };
		790D1E381158052A00EE3DB2 /* NSString+IGJson.h in Headers */ = {isa = PBXBuildFile; fileRef = 790D1E2C1158052A00EE3DB2 /* NSString+IGJson.h */; settings = {ATTRIBUTES = (Public, ); }; };
		790D1E391158052A00EE3DB2 /* NSString+IGJson.m in Sources */ = {isa = PBXBuildFile; fileRef = 790D1E2D1158052A00EE3DB2 /* NSString+IGJson.m */; };
		790D1E3A1158052A00EE3DB2 /* NSDate+Misc.h in Headers */ = {isa = PBXBuildFile; fileRef = 790D1E2F1158052A00EE3DB2 /* NSDate+Misc.h */; settings = {ATTRIBUTES = (Public, ); }; };
		790D1E3B1158052A00EE3DB2 /* NSDate+Misc.m in Sources */ = {isa = PBXBuildFile; fileRef = 790D1E301158052A00EE3DB2 /* NSDate+Misc.m */; };
		790D1E3C1158052A00EE3DB2 /* NSString+URL.h in Headers */ = {isa = PBXBuildFile; fileRef = 790D1E321158052A00EE3DB2 /* NSString+URL.h */; settings = {ATTRIBUTES = (Public, ); }; };
		790D1E3E1158052A00EE3DB2 /* NSString+Ereg.h in Headers */ = {isa = PBXBuildFile; fileRef = 790D1E341158052A00EE3DB2 /* NSString+Ereg.h */; settings = {ATTRIBUTES = (Public, ); }; };
		790D1E3F1158052A00EE3DB2 /* NSString+Ereg.m in Sources */ = {isa = PBXBuildFile; fileRef = 790D1E351158052A00EE3DB2 /* NSString+Ereg.m */; };
		790D1E421158053100EE3DB2 /* IGConfiguration.h in Headers */ = {isa = PBXBuildFile; fileRef = 790D1E411158053100EE3DB2 /* IGConfiguration.h */; settings = {ATTRIBUTES = (Public, ); }; };
		790D21C1115913CE00EE3DB2 /* UIKit.framework in Frameworks */ = {isa = PBXBuildFile; fileRef = 1DF5F4DF0D08C38300B7A737 /* UIKit.framework */; };
		790D21C2115913D600EE3DB2 /* Foundation.framework in Frameworks */ = {isa = PBXBuildFile; fileRef = 1D30AB110D05D00D00671497 /* Foundation.framework */; };
		790D21C3115913DD00EE3DB2 /* CoreGraphics.framework in Frameworks */ = {isa = PBXBuildFile; fileRef = 2892E40F0DC94CBA00A64D0F /* CoreGraphics.framework */; };
		7910FBE9115A7C9C004686B4 /* IGAlertTextInput.h in Headers */ = {isa = PBXBuildFile; fileRef = 7910FBE7115A7C9C004686B4 /* IGAlertTextInput.h */; settings = {ATTRIBUTES = (Public, ); }; };
		7910FBEA115A7C9C004686B4 /* IGAlertTextInput.m in Sources */ = {isa = PBXBuildFile; fileRef = 7910FBE8115A7C9C004686B4 /* IGAlertTextInput.m */; };
		7910FC14115A8207004686B4 /* IGSimpleDB.h in Headers */ = {isa = PBXBuildFile; fileRef = 7910FC12115A8207004686B4 /* IGSimpleDB.h */; settings = {ATTRIBUTES = (Public, ); }; };
		7910FC15115A8207004686B4 /* IGSimpleDB.m in Sources */ = {isa = PBXBuildFile; fileRef = 7910FC13115A8207004686B4 /* IGSimpleDB.m */; };
		7910FCCA115A9172004686B4 /* IGAccelAutorotation.h in Headers */ = {isa = PBXBuildFile; fileRef = 7910FC70115A8C54004686B4 /* IGAccelAutorotation.h */; settings = {ATTRIBUTES = (Public, ); }; };
		7910FCCB115A9172004686B4 /* IGAccelAutorotation.m in Sources */ = {isa = PBXBuildFile; fileRef = 7910FC71115A8C54004686B4 /* IGAccelAutorotation.m */; };
		7910FD1E115ACCA6004686B4 /* NSString+URL.m in Sources */ = {isa = PBXBuildFile; fileRef = 790D1E331158052A00EE3DB2 /* NSString+URL.m */; };
		7910FE23115AEF0A004686B4 /* IGCache.h in Headers */ = {isa = PBXBuildFile; fileRef = 7910FE21115AEF0A004686B4 /* IGCache.h */; settings = {ATTRIBUTES = (Public, ); }; };
		7910FE24115AEF0A004686B4 /* IGCache.m in Sources */ = {isa = PBXBuildFile; fileRef = 7910FE22115AEF0A004686B4 /* IGCache.m */; };
		796A85F011649A4300A7A8CC /* IGSettingsUser.h in Headers */ = {isa = PBXBuildFile; fileRef = 796A85EE11649A4300A7A8CC /* IGSettingsUser.h */; settings = {ATTRIBUTES = (Public, ); }; };
		796A85F111649A4300A7A8CC /* IGSettingsUser.m in Sources */ = {isa = PBXBuildFile; fileRef = 796A85EF11649A4300A7A8CC /* IGSettingsUser.m */; };
		796A85F411649A5700A7A8CC /* IGSettingsCustom.h in Headers */ = {isa = PBXBuildFile; fileRef = 796A85F211649A5700A7A8CC /* IGSettingsCustom.h */; settings = {ATTRIBUTES = (Public, ); }; };
		796A85F511649A5700A7A8CC /* IGSettingsCustom.m in Sources */ = {isa = PBXBuildFile; fileRef = 796A85F311649A5700A7A8CC /* IGSettingsCustom.m */; };
		796A86271164A85600A7A8CC /* IGParsingTemplates.h in Headers */ = {isa = PBXBuildFile; fileRef = 796A86251164A85600A7A8CC /* IGParsingTemplates.h */; settings = {ATTRIBUTES = (Public, ); }; };
		796A86281164A85600A7A8CC /* IGParsingTemplates.m in Sources */ = {isa = PBXBuildFile; fileRef = 796A86261164A85600A7A8CC /* IGParsingTemplates.m */; };
		796A862B1164A8AA00A7A8CC /* IGParsingHTML.h in Headers */ = {isa = PBXBuildFile; fileRef = 796A86291164A8AA00A7A8CC /* IGParsingHTML.h */; };
		796A862C1164A8AA00A7A8CC /* IGParsingHTML.m in Sources */ = {isa = PBXBuildFile; fileRef = 796A862A1164A8AA00A7A8CC /* IGParsingHTML.m */; };
		796A86351164AD2100A7A8CC /* IGImagesTools.h in Headers */ = {isa = PBXBuildFile; fileRef = 796A86331164AD2100A7A8CC /* IGImagesTools.h */; settings = {ATTRIBUTES = (Public, ); }; };
		796A863D1164ADF300A7A8CC /* UIImage-Tools.h in Headers */ = {isa = PBXBuildFile; fileRef = 796A863B1164ADF300A7A8CC /* UIImage-Tools.h */; };
		796A863E1164ADF300A7A8CC /* UIImage-Tools.m in Sources */ = {isa = PBXBuildFile; fileRef = 796A863C1164ADF300A7A8CC /* UIImage-Tools.m */; };
		796A86461164AF8700A7A8CC /* IGCacheImages.h in Headers */ = {isa = PBXBuildFile; fileRef = 796A86441164AF8700A7A8CC /* IGCacheImages.h */; settings = {ATTRIBUTES = (Public, ); }; };
		796A86471164AF8700A7A8CC /* IGCacheImages.m in Sources */ = {isa = PBXBuildFile; fileRef = 796A86451164AF8700A7A8CC /* IGCacheImages.m */; };
		796A864B1164B03300A7A8CC /* IGFilesystem.h in Headers */ = {isa = PBXBuildFile; fileRef = 796A864A1164B03300A7A8CC /* IGFilesystem.h */; settings = {ATTRIBUTES = (Public, ); }; };
		796A86B21164CDDF00A7A8CC /* IGTextEncoding.h in Headers */ = {isa = PBXBuildFile; fileRef = 796A86B01164CDDF00A7A8CC /* IGTextEncoding.h */; settings = {ATTRIBUTES = (Private, ); }; };
		796A86B31164CDDF00A7A8CC /* IGTextEncoding.m in Sources */ = {isa = PBXBuildFile; fileRef = 796A86B11164CDDF00A7A8CC /* IGTextEncoding.m */; };
		796A86D31164D10E00A7A8CC /* IGSettings.h in Headers */ = {isa = PBXBuildFile; fileRef = 796A86D21164D10E00A7A8CC /* IGSettings.h */; };
		796A86DD1164D2C900A7A8CC /* IGValidation.h in Headers */ = {isa = PBXBuildFile; fileRef = 796A86DB1164D2C900A7A8CC /* IGValidation.h */; settings = {ATTRIBUTES = (Public, ); }; };
		796A86DE1164D2C900A7A8CC /* IGValidation.m in Sources */ = {isa = PBXBuildFile; fileRef = 796A86DC1164D2C900A7A8CC /* IGValidation.m */; };
		796A86E11164D2D800A7A8CC /* IGValidationText.h in Headers */ = {isa = PBXBuildFile; fileRef = 796A86DF1164D2D800A7A8CC /* IGValidationText.h */; settings = {ATTRIBUTES = (Public, ); }; };
		796A86E21164D2D800A7A8CC /* IGValidationText.m in Sources */ = {isa = PBXBuildFile; fileRef = 796A86E01164D2D800A7A8CC /* IGValidationText.m */; };
		796A86E51164D2E900A7A8CC /* IGValidationNumber.h in Headers */ = {isa = PBXBuildFile; fileRef = 796A86E31164D2E900A7A8CC /* IGValidationNumber.h */; settings = {ATTRIBUTES = (Public, ); }; };
		796A86E61164D2E900A7A8CC /* IGValidationNumber.m in Sources */ = {isa = PBXBuildFile; fileRef = 796A86E41164D2E900A7A8CC /* IGValidationNumber.m */; };
		79A84C0C115CE2160040C278 /* IGAlertBasic.h in Headers */ = {isa = PBXBuildFile; fileRef = 79A84C0A115CE2160040C278 /* IGAlertBasic.h */; settings = {ATTRIBUTES = (Public, ); }; };
		79A84C0D115CE2160040C278 /* IGAlertBasic.m in Sources */ = {isa = PBXBuildFile; fileRef = 79A84C0B115CE2160040C278 /* IGAlertBasic.m */; };
		79DB5D521164DA97004A1CD6 /* IGText.h in Headers */ = {isa = PBXBuildFile; fileRef = 79DB5D501164DA97004A1CD6 /* IGText.h */; };
		79DB5D531164DA97004A1CD6 /* IGText.m in Sources */ = {isa = PBXBuildFile; fileRef = 79DB5D511164DA97004A1CD6 /* IGText.m */; };
		79DB5EA5116944AA004A1CD6 /* IGDataRss10.h in Headers */ = {isa = PBXBuildFile; fileRef = 79DB5EA3116944AA004A1CD6 /* IGDataRss10.h */; settings = {ATTRIBUTES = (Public, ); }; };
		79DB5EA6116944AA004A1CD6 /* IGDataRss10.m in Sources */ = {isa = PBXBuildFile; fileRef = 79DB5EA4116944AA004A1CD6 /* IGDataRss10.m */; };
		79DB5EAC11694A1A004A1CD6 /* libxml2.2.dylib in Frameworks */ = {isa = PBXBuildFile; fileRef = 79DB5EAB11694A1A004A1CD6 /* libxml2.2.dylib */; };
		79DB5EB111694A44004A1CD6 /* IGDataRss20.h in Headers */ = {isa = PBXBuildFile; fileRef = 79DB5E9F1169448F004A1CD6 /* IGDataRss20.h */; settings = {ATTRIBUTES = (Public, ); }; };
		79DB5EB211694A44004A1CD6 /* IGDataRss20.m in Sources */ = {isa = PBXBuildFile; fileRef = 79DB5EA01169448F004A1CD6 /* IGDataRss20.m */; };
		79E3B0EA116A7DFC00E8BD21 /* IGImagesTools.h in Headers */ = {isa = PBXBuildFile; fileRef = 796A86331164AD2100A7A8CC /* IGImagesTools.h */; };
		79E3B0EB116A7DFD00E8BD21 /* IGImagesTools.m in Sources */ = {isa = PBXBuildFile; fileRef = 796A86341164AD2100A7A8CC /* IGImagesTools.m */; };
/* End PBXBuildFile section */

/* Begin PBXFileReference section */
		1D30AB110D05D00D00671497 /* Foundation.framework */ = {isa = PBXFileReference; lastKnownFileType = wrapper.framework; name = Foundation.framework; path = System/Library/Frameworks/Foundation.framework; sourceTree = SDKROOT; };
		1DF5F4DF0D08C38300B7A737 /* UIKit.framework */ = {isa = PBXFileReference; lastKnownFileType = wrapper.framework; name = UIKit.framework; path = System/Library/Frameworks/UIKit.framework; sourceTree = SDKROOT; };
		2892E40F0DC94CBA00A64D0F /* CoreGraphics.framework */ = {isa = PBXFileReference; lastKnownFileType = wrapper.framework; name = CoreGraphics.framework; path = System/Library/Frameworks/CoreGraphics.framework; sourceTree = SDKROOT; };
		28A0AAE50D9B0CCF005BE974 /* IGFrameworkProject_Prefix.pch */ = {isa = PBXFileReference; fileEncoding = 4; lastKnownFileType = sourcecode.c.h; path = IGFrameworkProject_Prefix.pch; sourceTree = "<group>"; };
		28AD735F0D9D9599002E5188 /* MainWindow.xib */ = {isa = PBXFileReference; lastKnownFileType = file.xib; path = MainWindow.xib; sourceTree = "<group>"; };
		29B97316FDCFA39411CA2CEA /* main.m */ = {isa = PBXFileReference; fileEncoding = 4; lastKnownFileType = sourcecode.c.objc; path = main.m; sourceTree = "<group>"; };
		790D1DD41158048500EE3DB2 /* libIGFramework.a */ = {isa = PBXFileReference; explicitFileType = archive.ar; includeInIndex = 0; path = libIGFramework.a; sourceTree = BUILT_PRODUCTS_DIR; };
		790D1DEB1158052200EE3DB2 /* IGGoogleAPIMaps.h */ = {isa = PBXFileReference; fileEncoding = 4; lastKnownFileType = sourcecode.c.h; path = IGGoogleAPIMaps.h; sourceTree = "<group>"; };
		790D1DEC1158052200EE3DB2 /* IGGoogleAPIMaps.m */ = {isa = PBXFileReference; fileEncoding = 4; lastKnownFileType = sourcecode.c.objc; path = IGGoogleAPIMaps.m; sourceTree = "<group>"; };
		790D1DF01158052200EE3DB2 /* IGLocalization.h */ = {isa = PBXFileReference; fileEncoding = 4; lastKnownFileType = sourcecode.c.h; path = IGLocalization.h; sourceTree = "<group>"; };
		790D1DF11158052200EE3DB2 /* IGLocalization.m */ = {isa = PBXFileReference; fileEncoding = 4; lastKnownFileType = sourcecode.c.objc; path = IGLocalization.m; sourceTree = "<group>"; };
		790D1DF91158052200EE3DB2 /* IGJson.h */ = {isa = PBXFileReference; fileEncoding = 4; lastKnownFileType = sourcecode.c.h; path = IGJson.h; sourceTree = "<group>"; };
		790D1DFA1158052200EE3DB2 /* IGJson.m */ = {isa = PBXFileReference; fileEncoding = 4; lastKnownFileType = sourcecode.c.objc; path = IGJson.m; sourceTree = "<group>"; };
		790D1DFB1158052200EE3DB2 /* IGJsonBase.h */ = {isa = PBXFileReference; fileEncoding = 4; lastKnownFileType = sourcecode.c.h; path = IGJsonBase.h; sourceTree = "<group>"; };
		790D1DFC1158052200EE3DB2 /* IGJsonBase.m */ = {isa = PBXFileReference; fileEncoding = 4; lastKnownFileType = sourcecode.c.objc; path = IGJsonBase.m; sourceTree = "<group>"; };
		790D1DFD1158052200EE3DB2 /* IGJsonParser.h */ = {isa = PBXFileReference; fileEncoding = 4; lastKnownFileType = sourcecode.c.h; path = IGJsonParser.h; sourceTree = "<group>"; };
		790D1DFE1158052200EE3DB2 /* IGJsonParser.m */ = {isa = PBXFileReference; fileEncoding = 4; lastKnownFileType = sourcecode.c.objc; path = IGJsonParser.m; sourceTree = "<group>"; };
		790D1DFF1158052200EE3DB2 /* IGJsonWriter.h */ = {isa = PBXFileReference; fileEncoding = 4; lastKnownFileType = sourcecode.c.h; path = IGJsonWriter.h; sourceTree = "<group>"; };
		790D1E001158052200EE3DB2 /* IGJsonWriter.m */ = {isa = PBXFileReference; fileEncoding = 4; lastKnownFileType = sourcecode.c.objc; path = IGJsonWriter.m; sourceTree = "<group>"; };
		790D1E011158052200EE3DB2 /* IGJsonData.h */ = {isa = PBXFileReference; fileEncoding = 4; lastKnownFileType = sourcecode.c.h; path = IGJsonData.h; sourceTree = "<group>"; };
		790D1E021158052200EE3DB2 /* IGJsonData.m */ = {isa = PBXFileReference; fileEncoding = 4; lastKnownFileType = sourcecode.c.objc; path = IGJsonData.m; sourceTree = "<group>"; };
		790D1E041158052200EE3DB2 /* IGLocation.h */ = {isa = PBXFileReference; fileEncoding = 4; lastKnownFileType = sourcecode.c.h; path = IGLocation.h; sourceTree = "<group>"; };
		790D1E051158052200EE3DB2 /* IGLocation.m */ = {isa = PBXFileReference; fileEncoding = 4; lastKnownFileType = sourcecode.c.objc; path = IGLocation.m; sourceTree = "<group>"; };
		790D1E071158052200EE3DB2 /* IGFilesystemPaths.h */ = {isa = PBXFileReference; fileEncoding = 4; lastKnownFileType = sourcecode.c.h; path = IGFilesystemPaths.h; sourceTree = "<group>"; };
		790D1E081158052200EE3DB2 /* IGFilesystemPaths.m */ = {isa = PBXFileReference; fileEncoding = 4; lastKnownFileType = sourcecode.c.objc; path = IGFilesystemPaths.m; sourceTree = "<group>"; };
		790D1E091158052200EE3DB2 /* IGFilesystemIO.h */ = {isa = PBXFileReference; fileEncoding = 4; lastKnownFileType = sourcecode.c.h; path = IGFilesystemIO.h; sourceTree = "<group>"; };
		790D1E0A1158052200EE3DB2 /* IGFilesystemIO.m */ = {isa = PBXFileReference; fileEncoding = 4; lastKnownFileType = sourcecode.c.objc; path = IGFilesystemIO.m; sourceTree = "<group>"; };
		790D1E0C1158052200EE3DB2 /* IGNetworkingConnection.h */ = {isa = PBXFileReference; fileEncoding = 4; lastKnownFileType = sourcecode.c.h; path = IGNetworkingConnection.h; sourceTree = "<group>"; };
		790D1E0D1158052200EE3DB2 /* IGNetworkingConnection.m */ = {isa = PBXFileReference; fileEncoding = 4; lastKnownFileType = sourcecode.c.objc; path = IGNetworkingConnection.m; sourceTree = "<group>"; };
		790D1E0E1158052200EE3DB2 /* IGNetworkingReachability.h */ = {isa = PBXFileReference; fileEncoding = 4; lastKnownFileType = sourcecode.c.h; path = IGNetworkingReachability.h; sourceTree = "<group>"; };
		790D1E0F1158052200EE3DB2 /* IGNetworkingReachability.m */ = {isa = PBXFileReference; fileEncoding = 4; lastKnownFileType = sourcecode.c.objc; path = IGNetworkingReachability.m; sourceTree = "<group>"; };
		790D1E2A1158052A00EE3DB2 /* NSObject+IGJson.h */ = {isa = PBXFileReference; fileEncoding = 4; lastKnownFileType = sourcecode.c.h; path = "NSObject+IGJson.h"; sourceTree = "<group>"; };
		790D1E2B1158052A00EE3DB2 /* NSObject+IGJson.m */ = {isa = PBXFileReference; fileEncoding = 4; lastKnownFileType = sourcecode.c.objc; path = "NSObject+IGJson.m"; sourceTree = "<group>"; };
		790D1E2C1158052A00EE3DB2 /* NSString+IGJson.h */ = {isa = PBXFileReference; fileEncoding = 4; lastKnownFileType = sourcecode.c.h; path = "NSString+IGJson.h"; sourceTree = "<group>"; };
		790D1E2D1158052A00EE3DB2 /* NSString+IGJson.m */ = {isa = PBXFileReference; fileEncoding = 4; lastKnownFileType = sourcecode.c.objc; path = "NSString+IGJson.m"; sourceTree = "<group>"; };
		790D1E2F1158052A00EE3DB2 /* NSDate+Misc.h */ = {isa = PBXFileReference; fileEncoding = 4; lastKnownFileType = sourcecode.c.h; path = "NSDate+Misc.h"; sourceTree = "<group>"; };
		790D1E301158052A00EE3DB2 /* NSDate+Misc.m */ = {isa = PBXFileReference; fileEncoding = 4; lastKnownFileType = sourcecode.c.objc; path = "NSDate+Misc.m"; sourceTree = "<group>"; };
		790D1E321158052A00EE3DB2 /* NSString+URL.h */ = {isa = PBXFileReference; fileEncoding = 4; lastKnownFileType = sourcecode.c.h; path = "NSString+URL.h"; sourceTree = "<group>"; };
		790D1E331158052A00EE3DB2 /* NSString+URL.m */ = {isa = PBXFileReference; fileEncoding = 4; lastKnownFileType = sourcecode.c.objc; path = "NSString+URL.m"; sourceTree = "<group>"; };
		790D1E341158052A00EE3DB2 /* NSString+Ereg.h */ = {isa = PBXFileReference; fileEncoding = 4; lastKnownFileType = sourcecode.c.h; path = "NSString+Ereg.h"; sourceTree = "<group>"; };
		790D1E351158052A00EE3DB2 /* NSString+Ereg.m */ = {isa = PBXFileReference; fileEncoding = 4; lastKnownFileType = sourcecode.c.objc; path = "NSString+Ereg.m"; sourceTree = "<group>"; };
		790D1E411158053100EE3DB2 /* IGConfiguration.h */ = {isa = PBXFileReference; fileEncoding = 4; lastKnownFileType = sourcecode.c.h; path = IGConfiguration.h; sourceTree = "<group>"; };
		7910FBE7115A7C9C004686B4 /* IGAlertTextInput.h */ = {isa = PBXFileReference; fileEncoding = 4; lastKnownFileType = sourcecode.c.h; path = IGAlertTextInput.h; sourceTree = "<group>"; };
		7910FBE8115A7C9C004686B4 /* IGAlertTextInput.m */ = {isa = PBXFileReference; fileEncoding = 4; lastKnownFileType = sourcecode.c.objc; path = IGAlertTextInput.m; sourceTree = "<group>"; };
		7910FC12115A8207004686B4 /* IGSimpleDB.h */ = {isa = PBXFileReference; fileEncoding = 4; lastKnownFileType = sourcecode.c.h; path = IGSimpleDB.h; sourceTree = "<group>"; };
		7910FC13115A8207004686B4 /* IGSimpleDB.m */ = {isa = PBXFileReference; fileEncoding = 4; lastKnownFileType = sourcecode.c.objc; path = IGSimpleDB.m; sourceTree = "<group>"; };
		7910FC70115A8C54004686B4 /* IGAccelAutorotation.h */ = {isa = PBXFileReference; fileEncoding = 4; lastKnownFileType = sourcecode.c.h; path = IGAccelAutorotation.h; sourceTree = "<group>"; };
		7910FC71115A8C54004686B4 /* IGAccelAutorotation.m */ = {isa = PBXFileReference; fileEncoding = 4; lastKnownFileType = sourcecode.c.objc; path = IGAccelAutorotation.m; sourceTree = "<group>"; };
		7910FE21115AEF0A004686B4 /* IGCache.h */ = {isa = PBXFileReference; fileEncoding = 4; lastKnownFileType = sourcecode.c.h; path = IGCache.h; sourceTree = "<group>"; };
		7910FE22115AEF0A004686B4 /* IGCache.m */ = {isa = PBXFileReference; fileEncoding = 4; lastKnownFileType = sourcecode.c.objc; path = IGCache.m; sourceTree = "<group>"; };
		796A85EE11649A4300A7A8CC /* IGSettingsUser.h */ = {isa = PBXFileReference; fileEncoding = 4; lastKnownFileType = sourcecode.c.h; path = IGSettingsUser.h; sourceTree = "<group>"; };
		796A85EF11649A4300A7A8CC /* IGSettingsUser.m */ = {isa = PBXFileReference; fileEncoding = 4; lastKnownFileType = sourcecode.c.objc; path = IGSettingsUser.m; sourceTree = "<group>"; };
		796A85F211649A5700A7A8CC /* IGSettingsCustom.h */ = {isa = PBXFileReference; fileEncoding = 4; lastKnownFileType = sourcecode.c.h; path = IGSettingsCustom.h; sourceTree = "<group>"; };
		796A85F311649A5700A7A8CC /* IGSettingsCustom.m */ = {isa = PBXFileReference; fileEncoding = 4; lastKnownFileType = sourcecode.c.objc; path = IGSettingsCustom.m; sourceTree = "<group>"; };
		796A86251164A85600A7A8CC /* IGParsingTemplates.h */ = {isa = PBXFileReference; fileEncoding = 4; lastKnownFileType = sourcecode.c.h; path = IGParsingTemplates.h; sourceTree = "<group>"; };
		796A86261164A85600A7A8CC /* IGParsingTemplates.m */ = {isa = PBXFileReference; fileEncoding = 4; lastKnownFileType = sourcecode.c.objc; path = IGParsingTemplates.m; sourceTree = "<group>"; };
		796A86291164A8AA00A7A8CC /* IGParsingHTML.h */ = {isa = PBXFileReference; fileEncoding = 4; lastKnownFileType = sourcecode.c.h; path = IGParsingHTML.h; sourceTree = "<group>"; };
		796A862A1164A8AA00A7A8CC /* IGParsingHTML.m */ = {isa = PBXFileReference; fileEncoding = 4; lastKnownFileType = sourcecode.c.objc; path = IGParsingHTML.m; sourceTree = "<group>"; };
		796A86331164AD2100A7A8CC /* IGImagesTools.h */ = {isa = PBXFileReference; fileEncoding = 4; lastKnownFileType = sourcecode.c.h; path = IGImagesTools.h; sourceTree = "<group>"; };
		796A86341164AD2100A7A8CC /* IGImagesTools.m */ = {isa = PBXFileReference; fileEncoding = 4; lastKnownFileType = sourcecode.c.objc; path = IGImagesTools.m; sourceTree = "<group>"; };
		796A863B1164ADF300A7A8CC /* UIImage-Tools.h */ = {isa = PBXFileReference; fileEncoding = 4; lastKnownFileType = sourcecode.c.h; path = "UIImage-Tools.h"; sourceTree = "<group>"; };
		796A863C1164ADF300A7A8CC /* UIImage-Tools.m */ = {isa = PBXFileReference; fileEncoding = 4; lastKnownFileType = sourcecode.c.objc; path = "UIImage-Tools.m"; sourceTree = "<group>"; };
		796A86441164AF8700A7A8CC /* IGCacheImages.h */ = {isa = PBXFileReference; fileEncoding = 4; lastKnownFileType = sourcecode.c.h; path = IGCacheImages.h; sourceTree = "<group>"; };
		796A86451164AF8700A7A8CC /* IGCacheImages.m */ = {isa = PBXFileReference; fileEncoding = 4; lastKnownFileType = sourcecode.c.objc; path = IGCacheImages.m; sourceTree = "<group>"; };
		796A864A1164B03300A7A8CC /* IGFilesystem.h */ = {isa = PBXFileReference; fileEncoding = 4; lastKnownFileType = sourcecode.c.h; path = IGFilesystem.h; sourceTree = "<group>"; };
		796A86B01164CDDF00A7A8CC /* IGTextEncoding.h */ = {isa = PBXFileReference; fileEncoding = 4; lastKnownFileType = sourcecode.c.h; path = IGTextEncoding.h; sourceTree = "<group>"; };
		796A86B11164CDDF00A7A8CC /* IGTextEncoding.m */ = {isa = PBXFileReference; fileEncoding = 4; lastKnownFileType = sourcecode.c.objc; path = IGTextEncoding.m; sourceTree = "<group>"; };
		796A86D21164D10E00A7A8CC /* IGSettings.h */ = {isa = PBXFileReference; fileEncoding = 4; lastKnownFileType = sourcecode.c.h; path = IGSettings.h; sourceTree = "<group>"; };
		796A86DB1164D2C900A7A8CC /* IGValidation.h */ = {isa = PBXFileReference; fileEncoding = 4; lastKnownFileType = sourcecode.c.h; path = IGValidation.h; sourceTree = "<group>"; };
		796A86DC1164D2C900A7A8CC /* IGValidation.m */ = {isa = PBXFileReference; fileEncoding = 4; lastKnownFileType = sourcecode.c.objc; path = IGValidation.m; sourceTree = "<group>"; };
		796A86DF1164D2D800A7A8CC /* IGValidationText.h */ = {isa = PBXFileReference; fileEncoding = 4; lastKnownFileType = sourcecode.c.h; path = IGValidationText.h; sourceTree = "<group>"; };
		796A86E01164D2D800A7A8CC /* IGValidationText.m */ = {isa = PBXFileReference; fileEncoding = 4; lastKnownFileType = sourcecode.c.objc; path = IGValidationText.m; sourceTree = "<group>"; };
		796A86E31164D2E900A7A8CC /* IGValidationNumber.h */ = {isa = PBXFileReference; fileEncoding = 4; lastKnownFileType = sourcecode.c.h; path = IGValidationNumber.h; sourceTree = "<group>"; };
		796A86E41164D2E900A7A8CC /* IGValidationNumber.m */ = {isa = PBXFileReference; fileEncoding = 4; lastKnownFileType = sourcecode.c.objc; path = IGValidationNumber.m; sourceTree = "<group>"; };
		79A84C0A115CE2160040C278 /* IGAlertBasic.h */ = {isa = PBXFileReference; fileEncoding = 4; lastKnownFileType = sourcecode.c.h; path = IGAlertBasic.h; sourceTree = "<group>"; };
		79A84C0B115CE2160040C278 /* IGAlertBasic.m */ = {isa = PBXFileReference; fileEncoding = 4; lastKnownFileType = sourcecode.c.objc; path = IGAlertBasic.m; sourceTree = "<group>"; };
		79DB5D501164DA97004A1CD6 /* IGText.h */ = {isa = PBXFileReference; fileEncoding = 4; lastKnownFileType = sourcecode.c.h; path = IGText.h; sourceTree = "<group>"; };
		79DB5D511164DA97004A1CD6 /* IGText.m */ = {isa = PBXFileReference; fileEncoding = 4; lastKnownFileType = sourcecode.c.objc; path = IGText.m; sourceTree = "<group>"; };
		79DB5E9F1169448F004A1CD6 /* IGDataRss20.h */ = {isa = PBXFileReference; fileEncoding = 4; lastKnownFileType = sourcecode.c.h; path = IGDataRss20.h; sourceTree = "<group>"; };
		79DB5EA01169448F004A1CD6 /* IGDataRss20.m */ = {isa = PBXFileReference; fileEncoding = 4; lastKnownFileType = sourcecode.c.objc; path = IGDataRss20.m; sourceTree = "<group>"; };
		79DB5EA3116944AA004A1CD6 /* IGDataRss10.h */ = {isa = PBXFileReference; fileEncoding = 4; lastKnownFileType = sourcecode.c.h; path = IGDataRss10.h; sourceTree = "<group>"; };
		79DB5EA4116944AA004A1CD6 /* IGDataRss10.m */ = {isa = PBXFileReference; fileEncoding = 4; lastKnownFileType = sourcecode.c.objc; path = IGDataRss10.m; sourceTree = "<group>"; };
		79DB5EAB11694A1A004A1CD6 /* libxml2.2.dylib */ = {isa = PBXFileReference; lastKnownFileType = "compiled.mach-o.dylib"; name = libxml2.2.dylib; path = usr/lib/libxml2.2.dylib; sourceTree = SDKROOT; };
		8D1107310486CEB800E47090 /* IGFrameworkProject-Info.plist */ = {isa = PBXFileReference; fileEncoding = 4; lastKnownFileType = text.plist.xml; path = "IGFrameworkProject-Info.plist"; plistStructureDefinitionIdentifier = "com.apple.xcode.plist.structure-definition.iphone.info-plist"; sourceTree = "<group>"; };
/* End PBXFileReference section */

/* Begin PBXFrameworksBuildPhase section */
		790D1DD21158048500EE3DB2 /* Frameworks */ = {
			isa = PBXFrameworksBuildPhase;
			buildActionMask = 2147483647;
			files = (
				790D21C1115913CE00EE3DB2 /* UIKit.framework in Frameworks */,
				790D21C2115913D600EE3DB2 /* Foundation.framework in Frameworks */,
				790D21C3115913DD00EE3DB2 /* CoreGraphics.framework in Frameworks */,
				79DB5EAC11694A1A004A1CD6 /* libxml2.2.dylib in Frameworks */,
			);
			runOnlyForDeploymentPostprocessing = 0;
		};
/* End PBXFrameworksBuildPhase section */

/* Begin PBXGroup section */
		19C28FACFE9D520D11CA2CBB /* Products */ = {
			isa = PBXGroup;
			children = (
				790D1DD41158048500EE3DB2 /* libIGFramework.a */,
			);
			name = Products;
			sourceTree = "<group>";
		};
		29B97314FDCFA39411CA2CEA /* CustomTemplate */ = {
			isa = PBXGroup;
			children = (
				790D1DE5115804FA00EE3DB2 /* Framework */,
				29B97315FDCFA39411CA2CEA /* Other Sources */,
				29B97317FDCFA39411CA2CEA /* Resources */,
				29B97323FDCFA39411CA2CEA /* Frameworks */,
				19C28FACFE9D520D11CA2CBB /* Products */,
			);
			name = CustomTemplate;
			sourceTree = "<group>";
		};
		29B97315FDCFA39411CA2CEA /* Other Sources */ = {
			isa = PBXGroup;
			children = (
				28A0AAE50D9B0CCF005BE974 /* IGFrameworkProject_Prefix.pch */,
				29B97316FDCFA39411CA2CEA /* main.m */,
			);
			name = "Other Sources";
			sourceTree = "<group>";
		};
		29B97317FDCFA39411CA2CEA /* Resources */ = {
			isa = PBXGroup;
			children = (
				28AD735F0D9D9599002E5188 /* MainWindow.xib */,
				8D1107310486CEB800E47090 /* IGFrameworkProject-Info.plist */,
			);
			name = Resources;
			sourceTree = "<group>";
		};
		29B97323FDCFA39411CA2CEA /* Frameworks */ = {
			isa = PBXGroup;
			children = (
				1DF5F4DF0D08C38300B7A737 /* UIKit.framework */,
				1D30AB110D05D00D00671497 /* Foundation.framework */,
				2892E40F0DC94CBA00A64D0F /* CoreGraphics.framework */,
				79DB5EAB11694A1A004A1CD6 /* libxml2.2.dylib */,
			);
			name = Frameworks;
			sourceTree = "<group>";
		};
		790D1DE5115804FA00EE3DB2 /* Framework */ = {
			isa = PBXGroup;
			children = (
				790D1E401158053100EE3DB2 /* Configuration */,
				790D1E281158052A00EE3DB2 /* Categories */,
				790D1DE81158052200EE3DB2 /* Classes */,
			);
			name = Framework;
			sourceTree = "<group>";
		};
		790D1DE81158052200EE3DB2 /* Classes */ = {
			isa = PBXGroup;
			children = (
				796A86241164A83700A7A8CC /* Parsing */,
				796A85ED11649A0500A7A8CC /* Settings */,
				7910FE20115AEEB7004686B4 /* Cache */,
				7910FBC7115A7C44004686B4 /* Alerts */,
				790D1E0B1158052200EE3DB2 /* Networking */,
				790D1E061158052200EE3DB2 /* Filesystem */,
				790D1E031158052200EE3DB2 /* Location */,
				790D1DF71158052200EE3DB2 /* Data */,
				790D1DF61158052200EE3DB2 /* Validation */,
				790D1DF51158052200EE3DB2 /* Text */,
				790D1DF41158052200EE3DB2 /* Accelerometer */,
				790D1DF31158052200EE3DB2 /* Database */,
				790D1DF21158052200EE3DB2 /* Images */,
				790D1DEF1158052200EE3DB2 /* Localization */,
				790D1DED1158052200EE3DB2 /* Mailing */,
				790D1DE91158052200EE3DB2 /* GoogleAPI */,
			);
			name = Classes;
			sourceTree = "<group>";
		};
		790D1DE91158052200EE3DB2 /* GoogleAPI */ = {
			isa = PBXGroup;
			children = (
				790D1DEA1158052200EE3DB2 /* Maps */,
			);
			name = GoogleAPI;
			sourceTree = "<group>";
		};
		790D1DEA1158052200EE3DB2 /* Maps */ = {
			isa = PBXGroup;
			children = (
				790D1DEB1158052200EE3DB2 /* IGGoogleAPIMaps.h */,
				790D1DEC1158052200EE3DB2 /* IGGoogleAPIMaps.m */,
			);
			name = Maps;
			sourceTree = "<group>";
		};
		790D1DED1158052200EE3DB2 /* Mailing */ = {
			isa = PBXGroup;
			children = (
			);
			name = Mailing;
			sourceTree = "<group>";
		};
		790D1DEF1158052200EE3DB2 /* Localization */ = {
			isa = PBXGroup;
			children = (
				790D1DF01158052200EE3DB2 /* IGLocalization.h */,
				790D1DF11158052200EE3DB2 /* IGLocalization.m */,
			);
			name = Localization;
			sourceTree = "<group>";
		};
		790D1DF21158052200EE3DB2 /* Images */ = {
			isa = PBXGroup;
			children = (
				796A86331164AD2100A7A8CC /* IGImagesTools.h */,
				796A86341164AD2100A7A8CC /* IGImagesTools.m */,
			);
			name = Images;
			sourceTree = "<group>";
		};
		790D1DF31158052200EE3DB2 /* Database */ = {
			isa = PBXGroup;
			children = (
				7910FC12115A8207004686B4 /* IGSimpleDB.h */,
				7910FC13115A8207004686B4 /* IGSimpleDB.m */,
			);
			name = Database;
			sourceTree = "<group>";
		};
		790D1DF41158052200EE3DB2 /* Accelerometer */ = {
			isa = PBXGroup;
			children = (
				7910FC70115A8C54004686B4 /* IGAccelAutorotation.h */,
				7910FC71115A8C54004686B4 /* IGAccelAutorotation.m */,
			);
			name = Accelerometer;
			sourceTree = "<group>";
		};
		790D1DF51158052200EE3DB2 /* Text */ = {
			isa = PBXGroup;
			children = (
				796A86B01164CDDF00A7A8CC /* IGTextEncoding.h */,
				796A86B11164CDDF00A7A8CC /* IGTextEncoding.m */,
				79DB5D501164DA97004A1CD6 /* IGText.h */,
				79DB5D511164DA97004A1CD6 /* IGText.m */,
			);
			name = Text;
			sourceTree = "<group>";
		};
		790D1DF61158052200EE3DB2 /* Validation */ = {
			isa = PBXGroup;
			children = (
				796A86DB1164D2C900A7A8CC /* IGValidation.h */,
				796A86DC1164D2C900A7A8CC /* IGValidation.m */,
				796A86DF1164D2D800A7A8CC /* IGValidationText.h */,
				796A86E01164D2D800A7A8CC /* IGValidationText.m */,
				796A86E31164D2E900A7A8CC /* IGValidationNumber.h */,
				796A86E41164D2E900A7A8CC /* IGValidationNumber.m */,
			);
			name = Validation;
			sourceTree = "<group>";
		};
		790D1DF71158052200EE3DB2 /* Data */ = {
			isa = PBXGroup;
			children = (
				79DB5E9C11694404004A1CD6 /* RSS */,
				790D1DF81158052200EE3DB2 /* IGJson */,
			);
			name = Data;
			sourceTree = "<group>";
		};
		790D1DF81158052200EE3DB2 /* IGJson */ = {
			isa = PBXGroup;
			children = (
				790D1DF91158052200EE3DB2 /* IGJson.h */,
				790D1DFA1158052200EE3DB2 /* IGJson.m */,
				790D1DFB1158052200EE3DB2 /* IGJsonBase.h */,
				790D1DFC1158052200EE3DB2 /* IGJsonBase.m */,
				790D1DFD1158052200EE3DB2 /* IGJsonParser.h */,
				790D1DFE1158052200EE3DB2 /* IGJsonParser.m */,
				790D1DFF1158052200EE3DB2 /* IGJsonWriter.h */,
				790D1E001158052200EE3DB2 /* IGJsonWriter.m */,
				790D1E011158052200EE3DB2 /* IGJsonData.h */,
				790D1E021158052200EE3DB2 /* IGJsonData.m */,
			);
			name = IGJson;
			sourceTree = "<group>";
		};
		790D1E031158052200EE3DB2 /* Location */ = {
			isa = PBXGroup;
			children = (
				790D1E041158052200EE3DB2 /* IGLocation.h */,
				790D1E051158052200EE3DB2 /* IGLocation.m */,
			);
			name = Location;
			sourceTree = "<group>";
		};
		790D1E061158052200EE3DB2 /* Filesystem */ = {
			isa = PBXGroup;
			children = (
				796A864A1164B03300A7A8CC /* IGFilesystem.h */,
				790D1E071158052200EE3DB2 /* IGFilesystemPaths.h */,
				790D1E081158052200EE3DB2 /* IGFilesystemPaths.m */,
				790D1E091158052200EE3DB2 /* IGFilesystemIO.h */,
				790D1E0A1158052200EE3DB2 /* IGFilesystemIO.m */,
			);
			name = Filesystem;
			sourceTree = "<group>";
		};
		790D1E0B1158052200EE3DB2 /* Networking */ = {
			isa = PBXGroup;
			children = (
				790D1E0C1158052200EE3DB2 /* IGNetworkingConnection.h */,
				790D1E0D1158052200EE3DB2 /* IGNetworkingConnection.m */,
				790D1E0E1158052200EE3DB2 /* IGNetworkingReachability.h */,
				790D1E0F1158052200EE3DB2 /* IGNetworkingReachability.m */,
			);
			name = Networking;
			sourceTree = "<group>";
		};
		790D1E281158052A00EE3DB2 /* Categories */ = {
			isa = PBXGroup;
			children = (
				796A863F1164ADFA00A7A8CC /* UIImage */,
				790D1E311158052A00EE3DB2 /* NSString */,
				790D1E2E1158052A00EE3DB2 /* NSDate */,
				790D1E291158052A00EE3DB2 /* IGJson */,
			);
			name = Categories;
			sourceTree = "<group>";
		};
		790D1E291158052A00EE3DB2 /* IGJson */ = {
			isa = PBXGroup;
			children = (
				790D1E2A1158052A00EE3DB2 /* NSObject+IGJson.h */,
				790D1E2B1158052A00EE3DB2 /* NSObject+IGJson.m */,
				790D1E2C1158052A00EE3DB2 /* NSString+IGJson.h */,
				790D1E2D1158052A00EE3DB2 /* NSString+IGJson.m */,
			);
			name = IGJson;
			sourceTree = "<group>";
		};
		790D1E2E1158052A00EE3DB2 /* NSDate */ = {
			isa = PBXGroup;
			children = (
				790D1E2F1158052A00EE3DB2 /* NSDate+Misc.h */,
				790D1E301158052A00EE3DB2 /* NSDate+Misc.m */,
			);
			name = NSDate;
			sourceTree = "<group>";
		};
		790D1E311158052A00EE3DB2 /* NSString */ = {
			isa = PBXGroup;
			children = (
				790D1E321158052A00EE3DB2 /* NSString+URL.h */,
				790D1E331158052A00EE3DB2 /* NSString+URL.m */,
				790D1E341158052A00EE3DB2 /* NSString+Ereg.h */,
				790D1E351158052A00EE3DB2 /* NSString+Ereg.m */,
			);
			name = NSString;
			sourceTree = "<group>";
		};
		790D1E401158053100EE3DB2 /* Configuration */ = {
			isa = PBXGroup;
			children = (
				790D1E411158053100EE3DB2 /* IGConfiguration.h */,
			);
			name = Configuration;
			sourceTree = "<group>";
		};
		7910FBC7115A7C44004686B4 /* Alerts */ = {
			isa = PBXGroup;
			children = (
				7910FBE7115A7C9C004686B4 /* IGAlertTextInput.h */,
				7910FBE8115A7C9C004686B4 /* IGAlertTextInput.m */,
				79A84C0A115CE2160040C278 /* IGAlertBasic.h */,
				79A84C0B115CE2160040C278 /* IGAlertBasic.m */,
			);
			name = Alerts;
			sourceTree = "<group>";
		};
		7910FE20115AEEB7004686B4 /* Cache */ = {
			isa = PBXGroup;
			children = (
				7910FE21115AEF0A004686B4 /* IGCache.h */,
				7910FE22115AEF0A004686B4 /* IGCache.m */,
				796A86441164AF8700A7A8CC /* IGCacheImages.h */,
				796A86451164AF8700A7A8CC /* IGCacheImages.m */,
			);
			name = Cache;
			sourceTree = "<group>";
		};
		796A85ED11649A0500A7A8CC /* Settings */ = {
			isa = PBXGroup;
			children = (
				796A86D21164D10E00A7A8CC /* IGSettings.h */,
				796A85EE11649A4300A7A8CC /* IGSettingsUser.h */,
				796A85EF11649A4300A7A8CC /* IGSettingsUser.m */,
				796A85F211649A5700A7A8CC /* IGSettingsCustom.h */,
				796A85F311649A5700A7A8CC /* IGSettingsCustom.m */,
			);
			name = Settings;
			sourceTree = "<group>";
		};
		796A86241164A83700A7A8CC /* Parsing */ = {
			isa = PBXGroup;
			children = (
				796A86251164A85600A7A8CC /* IGParsingTemplates.h */,
				796A86261164A85600A7A8CC /* IGParsingTemplates.m */,
				796A86291164A8AA00A7A8CC /* IGParsingHTML.h */,
				796A862A1164A8AA00A7A8CC /* IGParsingHTML.m */,
			);
			name = Parsing;
			sourceTree = "<group>";
		};
		796A863F1164ADFA00A7A8CC /* UIImage */ = {
			isa = PBXGroup;
			children = (
				796A863B1164ADF300A7A8CC /* UIImage-Tools.h */,
				796A863C1164ADF300A7A8CC /* UIImage-Tools.m */,
			);
			name = UIImage;
			sourceTree = "<group>";
		};
		79DB5E9C11694404004A1CD6 /* RSS */ = {
			isa = PBXGroup;
			children = (
				79DB5E9E11694419004A1CD6 /* 2.0 */,
				79DB5E9D11694413004A1CD6 /* 1.0 */,
			);
			name = RSS;
			sourceTree = "<group>";
		};
		79DB5E9D11694413004A1CD6 /* 1.0 */ = {
			isa = PBXGroup;
			children = (
				79DB5EA3116944AA004A1CD6 /* IGDataRss10.h */,
				79DB5EA4116944AA004A1CD6 /* IGDataRss10.m */,
			);
			name = 1.0;
			sourceTree = "<group>";
		};
		79DB5E9E11694419004A1CD6 /* 2.0 */ = {
			isa = PBXGroup;
			children = (
				79DB5E9F1169448F004A1CD6 /* IGDataRss20.h */,
				79DB5EA01169448F004A1CD6 /* IGDataRss20.m */,
			);
			name = 2.0;
			sourceTree = "<group>";
		};
/* End PBXGroup section */

/* Begin PBXHeadersBuildPhase section */
		790D1DD01158048500EE3DB2 /* Headers */ = {
			isa = PBXHeadersBuildPhase;
			buildActionMask = 2147483647;
			files = (
				790D1E101158052200EE3DB2 /* IGGoogleAPIMaps.h in Headers */,
				790D1E121158052200EE3DB2 /* IGLocalization.h in Headers */,
				790D1E141158052200EE3DB2 /* IGJson.h in Headers */,
				790D1E161158052200EE3DB2 /* IGJsonBase.h in Headers */,
				790D1E181158052200EE3DB2 /* IGJsonParser.h in Headers */,
				790D1E1A1158052200EE3DB2 /* IGJsonWriter.h in Headers */,
				790D1E1C1158052200EE3DB2 /* IGJsonData.h in Headers */,
				790D1E1E1158052200EE3DB2 /* IGLocation.h in Headers */,
				790D1E201158052200EE3DB2 /* IGFilesystemPaths.h in Headers */,
				790D1E221158052200EE3DB2 /* IGFilesystemIO.h in Headers */,
				790D1E241158052200EE3DB2 /* IGNetworkingConnection.h in Headers */,
				790D1E261158052200EE3DB2 /* IGNetworkingReachability.h in Headers */,
				790D1E361158052A00EE3DB2 /* NSObject+IGJson.h in Headers */,
				790D1E381158052A00EE3DB2 /* NSString+IGJson.h in Headers */,
				790D1E3A1158052A00EE3DB2 /* NSDate+Misc.h in Headers */,
				790D1E3C1158052A00EE3DB2 /* NSString+URL.h in Headers */,
				790D1E3E1158052A00EE3DB2 /* NSString+Ereg.h in Headers */,
				790D1E421158053100EE3DB2 /* IGConfiguration.h in Headers */,
				7910FBE9115A7C9C004686B4 /* IGAlertTextInput.h in Headers */,
				7910FC14115A8207004686B4 /* IGSimpleDB.h in Headers */,
				7910FCCA115A9172004686B4 /* IGAccelAutorotation.h in Headers */,
				7910FE23115AEF0A004686B4 /* IGCache.h in Headers */,
				79A84C0C115CE2160040C278 /* IGAlertBasic.h in Headers */,
				796A85F011649A4300A7A8CC /* IGSettingsUser.h in Headers */,
				796A85F411649A5700A7A8CC /* IGSettingsCustom.h in Headers */,
				796A86271164A85600A7A8CC /* IGParsingTemplates.h in Headers */,
				796A862B1164A8AA00A7A8CC /* IGParsingHTML.h in Headers */,
				796A86351164AD2100A7A8CC /* IGImagesTools.h in Headers */,
				796A863D1164ADF300A7A8CC /* UIImage-Tools.h in Headers */,
				796A86461164AF8700A7A8CC /* IGCacheImages.h in Headers */,
				796A864B1164B03300A7A8CC /* IGFilesystem.h in Headers */,
				796A86B21164CDDF00A7A8CC /* IGTextEncoding.h in Headers */,
				796A86D31164D10E00A7A8CC /* IGSettings.h in Headers */,
				796A86DD1164D2C900A7A8CC /* IGValidation.h in Headers */,
				796A86E11164D2D800A7A8CC /* IGValidationText.h in Headers */,
				796A86E51164D2E900A7A8CC /* IGValidationNumber.h in Headers */,
				79DB5D521164DA97004A1CD6 /* IGText.h in Headers */,
				79DB5EA5116944AA004A1CD6 /* IGDataRss10.h in Headers */,
				79DB5EB111694A44004A1CD6 /* IGDataRss20.h in Headers */,
				79E3B0EA116A7DFC00E8BD21 /* IGImagesTools.h in Headers */,
			);
			runOnlyForDeploymentPostprocessing = 0;
		};
/* End PBXHeadersBuildPhase section */

/* Begin PBXNativeTarget section */
		790D1DD31158048500EE3DB2 /* IGFramework */ = {
			isa = PBXNativeTarget;
			buildConfigurationList = 790D1DDE1158049A00EE3DB2 /* Build configuration list for PBXNativeTarget "IGFramework" */;
			buildPhases = (
				790D1DD01158048500EE3DB2 /* Headers */,
				790D1DD11158048500EE3DB2 /* Sources */,
				790D1DD21158048500EE3DB2 /* Frameworks */,
			);
			buildRules = (
			);
			dependencies = (
			);
			name = IGFramework;
			productName = IGFramework;
			productReference = 790D1DD41158048500EE3DB2 /* libIGFramework.a */;
			productType = "com.apple.product-type.library.static";
		};
/* End PBXNativeTarget section */

/* Begin PBXProject section */
		29B97313FDCFA39411CA2CEA /* Project object */ = {
			isa = PBXProject;
			buildConfigurationList = C01FCF4E08A954540054247B /* Build configuration list for PBXProject "IGFrameworkProject" */;
			compatibilityVersion = "Xcode 3.1";
			hasScannedForEncodings = 1;
			knownRegions = (
				English,
				Japanese,
				French,
				German,
				en,
			);
			mainGroup = 29B97314FDCFA39411CA2CEA /* CustomTemplate */;
			projectDirPath = "";
			projectRoot = "";
			targets = (
				790D1DD31158048500EE3DB2 /* IGFramework */,
			);
		};
/* End PBXProject section */

/* Begin PBXSourcesBuildPhase section */
		790D1DD11158048500EE3DB2 /* Sources */ = {
			isa = PBXSourcesBuildPhase;
			buildActionMask = 2147483647;
			files = (
				790D1E111158052200EE3DB2 /* IGGoogleAPIMaps.m in Sources */,
				790D1E131158052200EE3DB2 /* IGLocalization.m in Sources */,
				790D1E151158052200EE3DB2 /* IGJson.m in Sources */,
				790D1E171158052200EE3DB2 /* IGJsonBase.m in Sources */,
				790D1E191158052200EE3DB2 /* IGJsonParser.m in Sources */,
				790D1E1B1158052200EE3DB2 /* IGJsonWriter.m in Sources */,
				790D1E1D1158052200EE3DB2 /* IGJsonData.m in Sources */,
				790D1E1F1158052200EE3DB2 /* IGLocation.m in Sources */,
				790D1E211158052200EE3DB2 /* IGFilesystemPaths.m in Sources */,
				790D1E231158052200EE3DB2 /* IGFilesystemIO.m in Sources */,
				790D1E251158052200EE3DB2 /* IGNetworkingConnection.m in Sources */,
				790D1E271158052200EE3DB2 /* IGNetworkingReachability.m in Sources */,
				790D1E371158052A00EE3DB2 /* NSObject+IGJson.m in Sources */,
				790D1E391158052A00EE3DB2 /* NSString+IGJson.m in Sources */,
				790D1E3B1158052A00EE3DB2 /* NSDate+Misc.m in Sources */,
				790D1E3F1158052A00EE3DB2 /* NSString+Ereg.m in Sources */,
				7910FBEA115A7C9C004686B4 /* IGAlertTextInput.m in Sources */,
				7910FC15115A8207004686B4 /* IGSimpleDB.m in Sources */,
				7910FCCB115A9172004686B4 /* IGAccelAutorotation.m in Sources */,
				7910FD1E115ACCA6004686B4 /* NSString+URL.m in Sources */,
				7910FE24115AEF0A004686B4 /* IGCache.m in Sources */,
				79A84C0D115CE2160040C278 /* IGAlertBasic.m in Sources */,
				796A85F111649A4300A7A8CC /* IGSettingsUser.m in Sources */,
				796A85F511649A5700A7A8CC /* IGSettingsCustom.m in Sources */,
				796A86281164A85600A7A8CC /* IGParsingTemplates.m in Sources */,
				796A862C1164A8AA00A7A8CC /* IGParsingHTML.m in Sources */,
				796A863E1164ADF300A7A8CC /* UIImage-Tools.m in Sources */,
				796A86471164AF8700A7A8CC /* IGCacheImages.m in Sources */,
				796A86B31164CDDF00A7A8CC /* IGTextEncoding.m in Sources */,
				796A86DE1164D2C900A7A8CC /* IGValidation.m in Sources */,
				796A86E21164D2D800A7A8CC /* IGValidationText.m in Sources */,
				796A86E61164D2E900A7A8CC /* IGValidationNumber.m in Sources */,
				79DB5D531164DA97004A1CD6 /* IGText.m in Sources */,
				79DB5EA6116944AA004A1CD6 /* IGDataRss10.m in Sources */,
				79DB5EB211694A44004A1CD6 /* IGDataRss20.m in Sources */,
				79E3B0EB116A7DFD00E8BD21 /* IGImagesTools.m in Sources */,
			);
			runOnlyForDeploymentPostprocessing = 0;
		};
/* End PBXSourcesBuildPhase section */

/* Begin XCBuildConfiguration section */
		790D1DD51158048600EE3DB2 /* Debug */ = {
			isa = XCBuildConfiguration;
			buildSettings = {
				ALWAYS_SEARCH_USER_PATHS = NO;
				COPY_PHASE_STRIP = NO;
				GCC_DYNAMIC_NO_PIC = NO;
				GCC_OPTIMIZATION_LEVEL = 0;
				PREBINDING = NO;
				PRODUCT_NAME = IGFramework;
				SDKROOT = iphoneos3.0;
			};
			name = Debug;
		};
		790D1DD61158048600EE3DB2 /* Release */ = {
			isa = XCBuildConfiguration;
			buildSettings = {
				ALWAYS_SEARCH_USER_PATHS = NO;
				COPY_PHASE_STRIP = YES;
				DEBUG_INFORMATION_FORMAT = "dwarf-with-dsym";
				GCC_ENABLE_FIX_AND_CONTINUE = NO;
				PREBINDING = NO;
				PRODUCT_NAME = IGFramework;
				ZERO_LINK = NO;
			};
			name = Release;
		};
		C01FCF4F08A954540054247B /* Debug */ = {
			isa = XCBuildConfiguration;
			buildSettings = {
				ARCHS = "$(ARCHS_STANDARD_32_BIT)";
				"CODE_SIGN_IDENTITY[sdk=iphoneos*]" = "iPhone Developer";
				GCC_C_LANGUAGE_STANDARD = c99;
				GCC_WARN_ABOUT_RETURN_TYPE = YES;
				GCC_WARN_UNUSED_VARIABLE = YES;
				PREBINDING = NO;
				SDKROOT = iphoneos3.0;
			};
			name = Debug;
		};
		C01FCF5008A954540054247B /* Release */ = {
			isa = XCBuildConfiguration;
			buildSettings = {
				ARCHS = "$(ARCHS_STANDARD_32_BIT)";
				"CODE_SIGN_IDENTITY[sdk=iphoneos*]" = "iPhone Developer";
				GCC_C_LANGUAGE_STANDARD = c99;
				GCC_WARN_ABOUT_RETURN_TYPE = YES;
				GCC_WARN_UNUSED_VARIABLE = YES;
				OTHER_CFLAGS = "-DNS_BLOCK_ASSERTIONS=1";
				PREBINDING = NO;
				SDKROOT = iphoneos3.2;
			};
			name = Release;
		};
/* End XCBuildConfiguration section */

/* Begin XCConfigurationList section */
		790D1DDE1158049A00EE3DB2 /* Build configuration list for PBXNativeTarget "IGFramework" */ = {
			isa = XCConfigurationList;
			buildConfigurations = (
				790D1DD51158048600EE3DB2 /* Debug */,
				790D1DD61158048600EE3DB2 /* Release */,
			);
			defaultConfigurationIsVisible = 0;
			defaultConfigurationName = Release;
		};
		C01FCF4E08A954540054247B /* Build configuration list for PBXProject "IGFrameworkProject" */ = {
			isa = XCConfigurationList;
			buildConfigurations = (
				C01FCF4F08A954540054247B /* Debug */,
				C01FCF5008A954540054247B /* Release */,
			);
			defaultConfigurationIsVisible = 0;
			defaultConfigurationName = Release;
		};
/* End XCConfigurationList section */
	};
	rootObject = 29B97313FDCFA39411CA2CEA /* Project object */;
}
